
Microsoft Visual Studio Solution File, Format Version 12.00
# Visual Studio Version 17
VisualStudioVersion = 17.5.33530.505
MinimumVisualStudioVersion = 10.0.40219.1
Project("{FAE04EC0-301F-11D3-BF4B-00C04F79EFBC}") = "BusST", "BusST\BusST.csproj", "{08D73263-078F-4CEF-B2BB-8F5BF9736022}"
EndProject
Global
	GlobalSection(SolutionConfigurationPlatforms) = preSolution
		Debug|Any CPU = Debug|Any CPU
		Release|Any CPU = Release|Any CPU
	EndGlobalSection
	GlobalSection(ProjectConfigurationPlatforms) = postSolution
		{08D73263-078F-4CEF-B2BB-8F5BF9736022}.Debug|Any CPU.ActiveCfg = Debug|Any CPU
		{08D73263-078F-4CEF-B2BB-8F5BF9736022}.Debug|Any CPU.Build.0 = Debug|Any CPU
		{08D73263-078F-4CEF-B2BB-8F5BF9736022}.Release|Any CPU.ActiveCfg = Release|Any CPU
		{08D73263-078F-4CEF-B2BB-8F5BF9736022}.Release|Any CPU.Build.0 = Release|Any CPU
	EndGlobalSection
	GlobalSection(SolutionProperties) = preSolution
		HideSolutionNode = FALSE
	EndGlobalSection
	GlobalSection(ExtensibilityGlobals) = postSolution
		SolutionGuid = {D5856A21-310E-40BD-8515-93DEFB0AA2F6}
	EndGlobalSection
EndGlobal
